
Microsoft Visual Studio Solution File, Format Version 12.00
# Visual Studio Version 17
VisualStudioVersion = 17.1.32210.238
MinimumVisualStudioVersion = 10.0.40219.1
Project("{FAE04EC0-301F-11D3-BF4B-00C04F79EFBC}") = "Kalendář měsícu", "Kalendář měsícu\Kalendář měsícu.csproj", "{FCD96A13-C095-48EA-BBBD-A23D2FB3C43E}"
EndProject
Global
	GlobalSection(SolutionConfigurationPlatforms) = preSolution
		Debug|Any CPU = Debug|Any CPU
		Release|Any CPU = Release|Any CPU
	EndGlobalSection
	GlobalSection(ProjectConfigurationPlatforms) = postSolution
		{FCD96A13-C095-48EA-BBBD-A23D2FB3C43E}.Debug|Any CPU.ActiveCfg = Debug|Any CPU
		{FCD96A13-C095-48EA-BBBD-A23D2FB3C43E}.Debug|Any CPU.Build.0 = Debug|Any CPU
		{FCD96A13-C095-48EA-BBBD-A23D2FB3C43E}.Release|Any CPU.ActiveCfg = Release|Any CPU
		{FCD96A13-C095-48EA-BBBD-A23D2FB3C43E}.Release|Any CPU.Build.0 = Release|Any CPU
	EndGlobalSection
	GlobalSection(SolutionProperties) = preSolution
		HideSolutionNode = FALSE
	EndGlobalSection
	GlobalSection(ExtensibilityGlobals) = postSolution
		SolutionGuid = {D3FCEDDB-E4B9-4869-B69F-657FD52D9928}
	EndGlobalSection
EndGlobal
